{
  "name": "first",
  "version": "1.0.0",
  "lockfileVersion": 2,
  "requires": true,
  "packages": {
    "": {
      "name": "first",
      "version": "1.0.0",
      "license": "ISC",
      "dependencies": {
        "@mistware_internal/mist-tools-ts": "^1.1.0",
        "@mistware/http-lib": "^1.0.0"
      },
      "devDependencies": {
        "@types/node": "^18.8.3"
      }
    },
    "node_modules/@mistware_internal/mist-tools-ts": {
      "version": "1.1.0",
      "resolved": "https://gitlab.com/api/v4/projects/28441315/packages/npm/@mistware_internal/mist-tools-ts/-/@mistware_internal/mist-tools-ts-1.1.0.tgz",
      "integrity": "sha1-eaqSVb5fOxOzzGgvg/5f/iZS76I=",
      "dependencies": {
        "@mistware/http-lib": "^1.0.0"
      }
    },
    "node_modules/@mistware/http-lib": {
      "version": "1.0.0",
      "resolved": "https://registry.npmjs.org/@mistware/http-lib/-/http-lib-1.0.0.tgz",
      "integrity": "sha512-RAWC10wh++8mgt+GeU33MTJmT9Ok1sUQ28mcLlqQ+zKd8KsAj86smNfvZzxQfWh6xKM2JCKgNryCRXONkMoxZw=="
    },
    "node_modules/@types/node": {
      "version": "18.8.3",
      "resolved": "https://registry.npmjs.org/@types/node/-/node-18.8.3.tgz",
      "integrity": "sha512-0os9vz6BpGwxGe9LOhgP/ncvYN5Tx1fNcd2TM3rD/aCGBkysb+ZWpXEocG24h6ZzOi13+VB8HndAQFezsSOw1w==",
      "dev": true
    }
  },
  "dependencies": {
    "@mistware_internal/mist-tools-ts": {
      "version": "1.1.0",
      "resolved": "https://gitlab.com/api/v4/projects/28441315/packages/npm/@mistware_internal/mist-tools-ts/-/@mistware_internal/mist-tools-ts-1.1.0.tgz",
      "integrity": "sha1-eaqSVb5fOxOzzGgvg/5f/iZS76I=",
      "requires": {
        "@mistware/http-lib": "^1.0.0"
      }
    },
    "@mistware/http-lib": {
      "version": "1.0.0",
      "resolved": "https://registry.npmjs.org/@mistware/http-lib/-/http-lib-1.0.0.tgz",
      "integrity": "sha512-RAWC10wh++8mgt+GeU33MTJmT9Ok1sUQ28mcLlqQ+zKd8KsAj86smNfvZzxQfWh6xKM2JCKgNryCRXONkMoxZw=="
    },
    "@types/node": {
      "version": "18.8.3",
      "resolved": "https://registry.npmjs.org/@types/node/-/node-18.8.3.tgz",
      "integrity": "sha512-0os9vz6BpGwxGe9LOhgP/ncvYN5Tx1fNcd2TM3rD/aCGBkysb+ZWpXEocG24h6ZzOi13+VB8HndAQFezsSOw1w==",
      "dev": true
    }
  }
}
