{
  "name": "first",
  "version": "1.0.0",
  "lockfileVersion": 2,
  "requires": true,
  "packages": {
    "": {
      "name": "first",
      "version": "1.0.0",
      "license": "ISC",
      "dependencies": {
        "@mist-cloud-eu/mist-tools-ts": "^1.0.0",
        "@mistware/http-lib": "^1.0.0"
      },
      "devDependencies": {
        "@types/node": "^18.8.3"
      }
    },
    "node_modules/@mist-cloud-eu/mist-tools-ts": {
      "version": "1.0.0",
      "resolved": "https://registry.npmjs.org/@mist-cloud-eu/mist-tools-ts/-/mist-tools-ts-1.0.0.tgz",
      "integrity": "sha512-yMcn8Ap5g1hLYWJcUk5q9693N3NCjfn6lBKxeeBcp/LezVpcH9tOvN3hzYrYLocV3E6K73Thec2ovHfbeGUwYQ==",
      "dependencies": {
        "@mistware/http-lib": "^1.0.0"
      }
    },
    "node_modules/@mistware/http-lib": {
      "version": "1.0.0",
      "license": "ISC"
    },
    "node_modules/@types/node": {
      "version": "18.8.3",
      "dev": true,
      "license": "MIT"
    }
  },
  "dependencies": {
    "@mist-cloud-eu/mist-tools-ts": {
      "version": "1.0.0",
      "resolved": "https://registry.npmjs.org/@mist-cloud-eu/mist-tools-ts/-/mist-tools-ts-1.0.0.tgz",
      "integrity": "sha512-yMcn8Ap5g1hLYWJcUk5q9693N3NCjfn6lBKxeeBcp/LezVpcH9tOvN3hzYrYLocV3E6K73Thec2ovHfbeGUwYQ==",
      "requires": {
        "@mistware/http-lib": "^1.0.0"
      }
    },
    "@mistware/http-lib": {
      "version": "1.0.0"
    },
    "@types/node": {
      "version": "18.8.3",
      "dev": true
    }
  }
}
